{
	"name": "@tournant/input",
	"version": "0.3.0",
	"lockfileVersion": 1,
	"requires": true,
	"dependencies": {
		"core-js": {
			"version": "3.1.4",
			"resolved": "https://registry.npmjs.org/core-js/-/core-js-3.1.4.tgz",
			"integrity": "sha512-YNZN8lt82XIMLnLirj9MhKDFZHalwzzrL9YLt6eb0T5D0EDl4IQ90IGkua8mHbnxNrkj1d8hbdizMc0Qmg1WnQ=="
		},
		"uuid-browser": {
			"version": "3.1.0",
			"resolved": "https://registry.npmjs.org/uuid-browser/-/uuid-browser-3.1.0.tgz",
			"integrity": "sha1-DwWkCu90+eWVHiDvv0SxGHHlZBA="
		},
		"vue": {
			"version": "2.6.10",
			"resolved": "https://registry.npmjs.org/vue/-/vue-2.6.10.tgz",
			"integrity": "sha512-ImThpeNU9HbdZL3utgMCq0oiMzAkt1mcgy3/E6zWC/G6AaQoeuFdsl9nDhTDU3X1R6FK7nsIUuRACVcjI+A2GQ=="
		}
	}
}
